// !$*UTF8*$!
{
	archiveVersion = 1;
	classes = {
	};
	objectVersion = 56;
	objects = {

/* Begin PBXBuildFile section */
		F01AAB342B73152300A4CD4E /* SearchResults.swift in Sources */ = {isa = PBXBuildFile; fileRef = F01AAB332B73152300A4CD4E /* SearchResults.swift */; };
		F0290D4F2B718C5100055782 /* AppDelegate.swift in Sources */ = {isa = PBXBuildFile; fileRef = F0290D4E2B718C5100055782 /* AppDelegate.swift */; };
		F0290D512B718C5100055782 /* SceneDelegate.swift in Sources */ = {isa = PBXBuildFile; fileRef = F0290D502B718C5100055782 /* SceneDelegate.swift */; };
		F0290D532B718C5100055782 /* SearchTableViewController.swift in Sources */ = {isa = PBXBuildFile; fileRef = F0290D522B718C5100055782 /* SearchTableViewController.swift */; };
		F0290D562B718C5100055782 /* Main.storyboard in Resources */ = {isa = PBXBuildFile; fileRef = F0290D542B718C5100055782 /* Main.storyboard */; };
		F0290D582B718C5300055782 /* Assets.xcassets in Resources */ = {isa = PBXBuildFile; fileRef = F0290D572B718C5300055782 /* Assets.xcassets */; };
		F0290D5B2B718C5300055782 /* LaunchScreen.storyboard in Resources */ = {isa = PBXBuildFile; fileRef = F0290D592B718C5300055782 /* LaunchScreen.storyboard */; };
		F0290D642B718E0100055782 /* MBProgressHUD in Frameworks */ = {isa = PBXBuildFile; productRef = F0290D632B718E0100055782 /* MBProgressHUD */; };
		F0290D692B729CD700055782 /* SearchTableViewCell.swift in Sources */ = {isa = PBXBuildFile; fileRef = F0290D682B729CD700055782 /* SearchTableViewCell.swift */; };
		F0290D6E2B72B9A800055782 /* APIService.swift in Sources */ = {isa = PBXBuildFile; fileRef = F0290D6D2B72B9A800055782 /* APIService.swift */; };
/* End PBXBuildFile section */

/* Begin PBXFileReference section */
		F01AAB332B73152300A4CD4E /* SearchResults.swift */ = {isa = PBXFileReference; lastKnownFileType = sourcecode.swift; path = SearchResults.swift; sourceTree = "<group>"; };
		F0290D4B2B718C5100055782 /* Stock Average Calculator.app */ = {isa = PBXFileReference; explicitFileType = wrapper.application; includeInIndex = 0; path = "Stock Average Calculator.app"; sourceTree = BUILT_PRODUCTS_DIR; };
		F0290D4E2B718C5100055782 /* AppDelegate.swift */ = {isa = PBXFileReference; lastKnownFileType = sourcecode.swift; path = AppDelegate.swift; sourceTree = "<group>"; };
		F0290D502B718C5100055782 /* SceneDelegate.swift */ = {isa = PBXFileReference; lastKnownFileType = sourcecode.swift; path = SceneDelegate.swift; sourceTree = "<group>"; };
		F0290D522B718C5100055782 /* SearchTableViewController.swift */ = {isa = PBXFileReference; lastKnownFileType = sourcecode.swift; path = SearchTableViewController.swift; sourceTree = "<group>"; };
		F0290D552B718C5100055782 /* Base */ = {isa = PBXFileReference; lastKnownFileType = file.storyboard; name = Base; path = Base.lproj/Main.storyboard; sourceTree = "<group>"; };
		F0290D572B718C5300055782 /* Assets.xcassets */ = {isa = PBXFileReference; lastKnownFileType = folder.assetcatalog; path = Assets.xcassets; sourceTree = "<group>"; };
		F0290D5A2B718C5300055782 /* Base */ = {isa = PBXFileReference; lastKnownFileType = file.storyboard; name = Base; path = Base.lproj/LaunchScreen.storyboard; sourceTree = "<group>"; };
		F0290D5C2B718C5300055782 /* Info.plist */ = {isa = PBXFileReference; lastKnownFileType = text.plist.xml; path = Info.plist; sourceTree = "<group>"; };
		F0290D682B729CD700055782 /* SearchTableViewCell.swift */ = {isa = PBXFileReference; lastKnownFileType = sourcecode.swift; path = SearchTableViewCell.swift; sourceTree = "<group>"; };
		F0290D6D2B72B9A800055782 /* APIService.swift */ = {isa = PBXFileReference; lastKnownFileType = sourcecode.swift; path = APIService.swift; sourceTree = "<group>"; };
/* End PBXFileReference section */

/* Begin PBXFrameworksBuildPhase section */
		F0290D482B718C5100055782 /* Frameworks */ = {
			isa = PBXFrameworksBuildPhase;
			buildActionMask = 2147483647;
			files = (
				F0290D642B718E0100055782 /* MBProgressHUD in Frameworks */,
			);
			runOnlyForDeploymentPostprocessing = 0;
		};
/* End PBXFrameworksBuildPhase section */

/* Begin PBXGroup section */
		F01AAB322B73150E00A4CD4E /* Model */ = {
			isa = PBXGroup;
			children = (
				F01AAB332B73152300A4CD4E /* SearchResults.swift */,
			);
			path = Model;
			sourceTree = "<group>";
		};
		F0290D422B718C5100055782 = {
			isa = PBXGroup;
			children = (
				F0290D4D2B718C5100055782 /* Stock Average Calculator */,
				F0290D4C2B718C5100055782 /* Products */,
			);
			sourceTree = "<group>";
		};
		F0290D4C2B718C5100055782 /* Products */ = {
			isa = PBXGroup;
			children = (
				F0290D4B2B718C5100055782 /* Stock Average Calculator.app */,
			);
			name = Products;
			sourceTree = "<group>";
		};
		F0290D4D2B718C5100055782 /* Stock Average Calculator */ = {
			isa = PBXGroup;
			children = (
				F01AAB322B73150E00A4CD4E /* Model */,
				F0290D6A2B72B98A00055782 /* Service */,
				F0290D672B729CB800055782 /* Controller */,
				F0290D662B729CB200055782 /* View */,
				F0290D4E2B718C5100055782 /* AppDelegate.swift */,
				F0290D502B718C5100055782 /* SceneDelegate.swift */,
				F0290D542B718C5100055782 /* Main.storyboard */,
				F0290D572B718C5300055782 /* Assets.xcassets */,
				F0290D592B718C5300055782 /* LaunchScreen.storyboard */,
				F0290D5C2B718C5300055782 /* Info.plist */,
			);
			path = "Stock Average Calculator";
			sourceTree = "<group>";
		};
		F0290D662B729CB200055782 /* View */ = {
			isa = PBXGroup;
			children = (
				F0290D682B729CD700055782 /* SearchTableViewCell.swift */,
			);
			path = View;
			sourceTree = "<group>";
		};
		F0290D672B729CB800055782 /* Controller */ = {
			isa = PBXGroup;
			children = (
				F0290D522B718C5100055782 /* SearchTableViewController.swift */,
			);
			path = Controller;
			sourceTree = "<group>";
		};
		F0290D6A2B72B98A00055782 /* Service */ = {
			isa = PBXGroup;
			children = (
				F0290D6D2B72B9A800055782 /* APIService.swift */,
			);
			path = Service;
			sourceTree = "<group>";
		};
/* End PBXGroup section */

/* Begin PBXNativeTarget section */
		F0290D4A2B718C5100055782 /* Stock Average Calculator */ = {
			isa = PBXNativeTarget;
			buildConfigurationList = F0290D5F2B718C5300055782 /* Build configuration list for PBXNativeTarget "Stock Average Calculator" */;
			buildPhases = (
				F0290D472B718C5100055782 /* Sources */,
				F0290D482B718C5100055782 /* Frameworks */,
				F0290D492B718C5100055782 /* Resources */,
			);
			buildRules = (
			);
			dependencies = (
			);
			name = "Stock Average Calculator";
			packageProductDependencies = (
				F0290D632B718E0100055782 /* MBProgressHUD */,
			);
			productName = "Stock Average Calculator";
			productReference = F0290D4B2B718C5100055782 /* Stock Average Calculator.app */;
			productType = "com.apple.product-type.application";
		};
/* End PBXNativeTarget section */

/* Begin PBXProject section */
		F0290D432B718C5100055782 /* Project object */ = {
			isa = PBXProject;
			attributes = {
				BuildIndependentTargetsInParallel = 1;
				LastSwiftUpdateCheck = 1420;
				LastUpgradeCheck = 1420;
				TargetAttributes = {
					F0290D4A2B718C5100055782 = {
						CreatedOnToolsVersion = 14.2;
					};
				};
			};
			buildConfigurationList = F0290D462B718C5100055782 /* Build configuration list for PBXProject "Stock Average Calculator" */;
			compatibilityVersion = "Xcode 14.0";
			developmentRegion = en;
			hasScannedForEncodings = 0;
			knownRegions = (
				en,
				Base,
			);
			mainGroup = F0290D422B718C5100055782;
			packageReferences = (
				F0290D622B718E0100055782 /* XCRemoteSwiftPackageReference "MBProgressHUD" */,
				F0290D652B718E9900055782 /* XCRemoteSwiftPackageReference "Loaf" */,
			);
			productRefGroup = F0290D4C2B718C5100055782 /* Products */;
			projectDirPath = "";
			projectRoot = "";
			targets = (
				F0290D4A2B718C5100055782 /* Stock Average Calculator */,
			);
		};
/* End PBXProject section */

/* Begin PBXResourcesBuildPhase section */
		F0290D492B718C5100055782 /* Resources */ = {
			isa = PBXResourcesBuildPhase;
			buildActionMask = 2147483647;
			files = (
				F0290D5B2B718C5300055782 /* LaunchScreen.storyboard in Resources */,
				F0290D582B718C5300055782 /* Assets.xcassets in Resources */,
				F0290D562B718C5100055782 /* Main.storyboard in Resources */,
			);
			runOnlyForDeploymentPostprocessing = 0;
		};
/* End PBXResourcesBuildPhase section */

/* Begin PBXSourcesBuildPhase section */
		F0290D472B718C5100055782 /* Sources */ = {
			isa = PBXSourcesBuildPhase;
			buildActionMask = 2147483647;
			files = (
				F0290D532B718C5100055782 /* SearchTableViewController.swift in Sources */,
				F0290D6E2B72B9A800055782 /* APIService.swift in Sources */,
				F0290D692B729CD700055782 /* SearchTableViewCell.swift in Sources */,
				F0290D4F2B718C5100055782 /* AppDelegate.swift in Sources */,
				F01AAB342B73152300A4CD4E /* SearchResults.swift in Sources */,
				F0290D512B718C5100055782 /* SceneDelegate.swift in Sources */,
			);
			runOnlyForDeploymentPostprocessing = 0;
		};
/* End PBXSourcesBuildPhase section */

/* Begin PBXVariantGroup section */
		F0290D542B718C5100055782 /* Main.storyboard */ = {
			isa = PBXVariantGroup;
			children = (
				F0290D552B718C5100055782 /* Base */,
			);
			name = Main.storyboard;
			sourceTree = "<group>";
		};
		F0290D592B718C5300055782 /* LaunchScreen.storyboard */ = {
			isa = PBXVariantGroup;
			children = (
				F0290D5A2B718C5300055782 /* Base */,
			);
			name = LaunchScreen.storyboard;
			sourceTree = "<group>";
		};
/* End PBXVariantGroup section */

/* Begin XCBuildConfiguration section */
		F0290D5D2B718C5300055782 /* Debug */ = {
			isa = XCBuildConfiguration;
			buildSettings = {
				ALWAYS_SEARCH_USER_PATHS = NO;
				CLANG_ANALYZER_NONNULL = YES;
				CLANG_ANALYZER_NUMBER_OBJECT_CONVERSION = YES_AGGRESSIVE;
				CLANG_CXX_LANGUAGE_STANDARD = "gnu++20";
				CLANG_ENABLE_MODULES = YES;
				CLANG_ENABLE_OBJC_ARC = YES;
				CLANG_ENABLE_OBJC_WEAK = YES;
				CLANG_WARN_BLOCK_CAPTURE_AUTORELEASING = YES;
				CLANG_WARN_BOOL_CONVERSION = YES;
				CLANG_WARN_COMMA = YES;
				CLANG_WARN_CONSTANT_CONVERSION = YES;
				CLANG_WARN_DEPRECATED_OBJC_IMPLEMENTATIONS = YES;
				CLANG_WARN_DIRECT_OBJC_ISA_USAGE = YES_ERROR;
				CLANG_WARN_DOCUMENTATION_COMMENTS = YES;
				CLANG_WARN_EMPTY_BODY = YES;
				CLANG_WARN_ENUM_CONVERSION = YES;
				CLANG_WARN_INFINITE_RECURSION = YES;
				CLANG_WARN_INT_CONVERSION = YES;
				CLANG_WARN_NON_LITERAL_NULL_CONVERSION = YES;
				CLANG_WARN_OBJC_IMPLICIT_RETAIN_SELF = YES;
				CLANG_WARN_OBJC_LITERAL_CONVERSION = YES;
				CLANG_WARN_OBJC_ROOT_CLASS = YES_ERROR;
				CLANG_WARN_QUOTED_INCLUDE_IN_FRAMEWORK_HEADER = YES;
				CLANG_WARN_RANGE_LOOP_ANALYSIS = YES;
				CLANG_WARN_STRICT_PROTOTYPES = YES;
				CLANG_WARN_SUSPICIOUS_MOVE = YES;
				CLANG_WARN_UNGUARDED_AVAILABILITY = YES_AGGRESSIVE;
				CLANG_WARN_UNREACHABLE_CODE = YES;
				CLANG_WARN__DUPLICATE_METHOD_MATCH = YES;
				COPY_PHASE_STRIP = NO;
				DEBUG_INFORMATION_FORMAT = dwarf;
				ENABLE_STRICT_OBJC_MSGSEND = YES;
				ENABLE_TESTABILITY = YES;
				GCC_C_LANGUAGE_STANDARD = gnu11;
				GCC_DYNAMIC_NO_PIC = NO;
				GCC_NO_COMMON_BLOCKS = YES;
				GCC_OPTIMIZATION_LEVEL = 0;
				GCC_PREPROCESSOR_DEFINITIONS = (
					"DEBUG=1",
					"$(inherited)",
				);
				GCC_WARN_64_TO_32_BIT_CONVERSION = YES;
				GCC_WARN_ABOUT_RETURN_TYPE = YES_ERROR;
				GCC_WARN_UNDECLARED_SELECTOR = YES;
				GCC_WARN_UNINITIALIZED_AUTOS = YES_AGGRESSIVE;
				GCC_WARN_UNUSED_FUNCTION = YES;
				GCC_WARN_UNUSED_VARIABLE = YES;
				IPHONEOS_DEPLOYMENT_TARGET = 16.2;
				MTL_ENABLE_DEBUG_INFO = INCLUDE_SOURCE;
				MTL_FAST_MATH = YES;
				ONLY_ACTIVE_ARCH = YES;
				SDKROOT = iphoneos;
				SWIFT_ACTIVE_COMPILATION_CONDITIONS = DEBUG;
				SWIFT_OPTIMIZATION_LEVEL = "-Onone";
			};
			name = Debug;
		};
		F0290D5E2B718C5300055782 /* Release */ = {
			isa = XCBuildConfiguration;
			buildSettings = {
				ALWAYS_SEARCH_USER_PATHS = NO;
				CLANG_ANALYZER_NONNULL = YES;
				CLANG_ANALYZER_NUMBER_OBJECT_CONVERSION = YES_AGGRESSIVE;
				CLANG_CXX_LANGUAGE_STANDARD = "gnu++20";
				CLANG_ENABLE_MODULES = YES;
				CLANG_ENABLE_OBJC_ARC = YES;
				CLANG_ENABLE_OBJC_WEAK = YES;
				CLANG_WARN_BLOCK_CAPTURE_AUTORELEASING = YES;
				CLANG_WARN_BOOL_CONVERSION = YES;
				CLANG_WARN_COMMA = YES;
				CLANG_WARN_CONSTANT_CONVERSION = YES;
				CLANG_WARN_DEPRECATED_OBJC_IMPLEMENTATIONS = YES;
				CLANG_WARN_DIRECT_OBJC_ISA_USAGE = YES_ERROR;
				CLANG_WARN_DOCUMENTATION_COMMENTS = YES;
				CLANG_WARN_EMPTY_BODY = YES;
				CLANG_WARN_ENUM_CONVERSION = YES;
				CLANG_WARN_INFINITE_RECURSION = YES;
				CLANG_WARN_INT_CONVERSION = YES;
				CLANG_WARN_NON_LITERAL_NULL_CONVERSION = YES;
				CLANG_WARN_OBJC_IMPLICIT_RETAIN_SELF = YES;
				CLANG_WARN_OBJC_LITERAL_CONVERSION = YES;
				CLANG_WARN_OBJC_ROOT_CLASS = YES_ERROR;
				CLANG_WARN_QUOTED_INCLUDE_IN_FRAMEWORK_HEADER = YES;
				CLANG_WARN_RANGE_LOOP_ANALYSIS = YES;
				CLANG_WARN_STRICT_PROTOTYPES = YES;
				CLANG_WARN_SUSPICIOUS_MOVE = YES;
				CLANG_WARN_UNGUARDED_AVAILABILITY = YES_AGGRESSIVE;
				CLANG_WARN_UNREACHABLE_CODE = YES;
				CLANG_WARN__DUPLICATE_METHOD_MATCH = YES;
				COPY_PHASE_STRIP = NO;
				DEBUG_INFORMATION_FORMAT = "dwarf-with-dsym";
				ENABLE_NS_ASSERTIONS = NO;
				ENABLE_STRICT_OBJC_MSGSEND = YES;
				GCC_C_LANGUAGE_STANDARD = gnu11;
				GCC_NO_COMMON_BLOCKS = YES;
				GCC_WARN_64_TO_32_BIT_CONVERSION = YES;
				GCC_WARN_ABOUT_RETURN_TYPE = YES_ERROR;
				GCC_WARN_UNDECLARED_SELECTOR = YES;
				GCC_WARN_UNINITIALIZED_AUTOS = YES_AGGRESSIVE;
				GCC_WARN_UNUSED_FUNCTION = YES;
				GCC_WARN_UNUSED_VARIABLE = YES;
				IPHONEOS_DEPLOYMENT_TARGET = 16.2;
				MTL_ENABLE_DEBUG_INFO = NO;
				MTL_FAST_MATH = YES;
				SDKROOT = iphoneos;
				SWIFT_COMPILATION_MODE = wholemodule;
				SWIFT_OPTIMIZATION_LEVEL = "-O";
				VALIDATE_PRODUCT = YES;
			};
			name = Release;
		};
		F0290D602B718C5300055782 /* Debug */ = {
			isa = XCBuildConfiguration;
			buildSettings = {
				ASSETCATALOG_COMPILER_APPICON_NAME = AppIcon;
				ASSETCATALOG_COMPILER_GLOBAL_ACCENT_COLOR_NAME = AccentColor;
				CODE_SIGN_STYLE = Automatic;
				CURRENT_PROJECT_VERSION = 1;
				GENERATE_INFOPLIST_FILE = YES;
				INFOPLIST_FILE = "Stock Average Calculator/Info.plist";
				INFOPLIST_KEY_UIApplicationSupportsIndirectInputEvents = YES;
				INFOPLIST_KEY_UILaunchStoryboardName = LaunchScreen;
				INFOPLIST_KEY_UIMainStoryboardFile = Main;
				INFOPLIST_KEY_UISupportedInterfaceOrientations_iPad = "UIInterfaceOrientationPortrait UIInterfaceOrientationPortraitUpsideDown UIInterfaceOrientationLandscapeLeft UIInterfaceOrientationLandscapeRight";
				INFOPLIST_KEY_UISupportedInterfaceOrientations_iPhone = "UIInterfaceOrientationPortrait UIInterfaceOrientationLandscapeLeft UIInterfaceOrientationLandscapeRight";
				LD_RUNPATH_SEARCH_PATHS = (
					"$(inherited)",
					"@executable_path/Frameworks",
				);
				MARKETING_VERSION = 1.0;
				PRODUCT_BUNDLE_IDENTIFIER = "com.abc.Stock-Average-Calculator";
				PRODUCT_NAME = "$(TARGET_NAME)";
				SWIFT_EMIT_LOC_STRINGS = YES;
				SWIFT_VERSION = 5.0;
				TARGETED_DEVICE_FAMILY = "1,2";
			};
			name = Debug;
		};
		F0290D612B718C5300055782 /* Release */ = {
			isa = XCBuildConfiguration;
			buildSettings = {
				ASSETCATALOG_COMPILER_APPICON_NAME = AppIcon;
				ASSETCATALOG_COMPILER_GLOBAL_ACCENT_COLOR_NAME = AccentColor;
				CODE_SIGN_STYLE = Automatic;
				CURRENT_PROJECT_VERSION = 1;
				GENERATE_INFOPLIST_FILE = YES;
				INFOPLIST_FILE = "Stock Average Calculator/Info.plist";
				INFOPLIST_KEY_UIApplicationSupportsIndirectInputEvents = YES;
				INFOPLIST_KEY_UILaunchStoryboardName = LaunchScreen;
				INFOPLIST_KEY_UIMainStoryboardFile = Main;
				INFOPLIST_KEY_UISupportedInterfaceOrientations_iPad = "UIInterfaceOrientationPortrait UIInterfaceOrientationPortraitUpsideDown UIInterfaceOrientationLandscapeLeft UIInterfaceOrientationLandscapeRight";
				INFOPLIST_KEY_UISupportedInterfaceOrientations_iPhone = "UIInterfaceOrientationPortrait UIInterfaceOrientationLandscapeLeft UIInterfaceOrientationLandscapeRight";
				LD_RUNPATH_SEARCH_PATHS = (
					"$(inherited)",
					"@executable_path/Frameworks",
				);
				MARKETING_VERSION = 1.0;
				PRODUCT_BUNDLE_IDENTIFIER = "com.abc.Stock-Average-Calculator";
				PRODUCT_NAME = "$(TARGET_NAME)";
				SWIFT_EMIT_LOC_STRINGS = YES;
				SWIFT_VERSION = 5.0;
				TARGETED_DEVICE_FAMILY = "1,2";
			};
			name = Release;
		};
/* End XCBuildConfiguration section */

/* Begin XCConfigurationList section */
		F0290D462B718C5100055782 /* Build configuration list for PBXProject "Stock Average Calculator" */ = {
			isa = XCConfigurationList;
			buildConfigurations = (
				F0290D5D2B718C5300055782 /* Debug */,
				F0290D5E2B718C5300055782 /* Release */,
			);
			defaultConfigurationIsVisible = 0;
			defaultConfigurationName = Release;
		};
		F0290D5F2B718C5300055782 /* Build configuration list for PBXNativeTarget "Stock Average Calculator" */ = {
			isa = XCConfigurationList;
			buildConfigurations = (
				F0290D602B718C5300055782 /* Debug */,
				F0290D612B718C5300055782 /* Release */,
			);
			defaultConfigurationIsVisible = 0;
			defaultConfigurationName = Release;
		};
/* End XCConfigurationList section */

/* Begin XCRemoteSwiftPackageReference section */
		F0290D622B718E0100055782 /* XCRemoteSwiftPackageReference "MBProgressHUD" */ = {
			isa = XCRemoteSwiftPackageReference;
			repositoryURL = "https://github.com/jdg/MBProgressHUD.git";
			requirement = {
				kind = upToNextMajorVersion;
				minimumVersion = 1.0.0;
			};
		};
		F0290D652B718E9900055782 /* XCRemoteSwiftPackageReference "Loaf" */ = {
			isa = XCRemoteSwiftPackageReference;
			repositoryURL = "https://github.com/schmidyy/Loaf";
			requirement = {
				kind = upToNextMajorVersion;
				minimumVersion = 0.7.0;
			};
		};
/* End XCRemoteSwiftPackageReference section */

/* Begin XCSwiftPackageProductDependency section */
		F0290D632B718E0100055782 /* MBProgressHUD */ = {
			isa = XCSwiftPackageProductDependency;
			package = F0290D622B718E0100055782 /* XCRemoteSwiftPackageReference "MBProgressHUD" */;
			productName = MBProgressHUD;
		};
/* End XCSwiftPackageProductDependency section */
	};
	rootObject = F0290D432B718C5100055782 /* Project object */;
}
